
Microsoft Visual Studio Solution File, Format Version 12.00
# Visual Studio 15
VisualStudioVersion = 15.0.28307.271
MinimumVisualStudioVersion = 10.0.40219.1
Project("{FAE04EC0-301F-11D3-BF4B-00C04F79EFBC}") = "x42Client", "x42Client\x42Client.csproj", "{C21DFE9B-FF14-45B6-8995-31B46413DCDD}"
EndProject
Global
	GlobalSection(SolutionConfigurationPlatforms) = preSolution
		Debug|Any CPU = Debug|Any CPU
		Release|Any CPU = Release|Any CPU
	EndGlobalSection
	GlobalSection(ProjectConfigurationPlatforms) = postSolution
		{C21DFE9B-FF14-45B6-8995-31B46413DCDD}.Debug|Any CPU.ActiveCfg = Debug|Any CPU
		{C21DFE9B-FF14-45B6-8995-31B46413DCDD}.Debug|Any CPU.Build.0 = Debug|Any CPU
		{C21DFE9B-FF14-45B6-8995-31B46413DCDD}.Release|Any CPU.ActiveCfg = Release|Any CPU
		{C21DFE9B-FF14-45B6-8995-31B46413DCDD}.Release|Any CPU.Build.0 = Release|Any CPU
	EndGlobalSection
	GlobalSection(SolutionProperties) = preSolution
		HideSolutionNode = FALSE
	EndGlobalSection
	GlobalSection(ExtensibilityGlobals) = postSolution
		SolutionGuid = {CBA76482-BD88-461A-B59A-FD7A2861DCCC}
	EndGlobalSection
EndGlobal
